
Microsoft Visual Studio Solution File, Format Version 12.00
# Visual Studio Version 16
VisualStudioVersion = 16.0.29418.71
MinimumVisualStudioVersion = 10.0.40219.1
Project("{FAE04EC0-301F-11D3-BF4B-00C04F79EFBC}") = "ClassCollections", "ClassCollections\ClassCollections.csproj", "{D6246CB7-4132-46F7-B80E-030E0A37956B}"
EndProject
Global
	GlobalSection(SolutionConfigurationPlatforms) = preSolution
		Debug|Any CPU = Debug|Any CPU
		Release|Any CPU = Release|Any CPU
	EndGlobalSection
	GlobalSection(ProjectConfigurationPlatforms) = postSolution
		{D6246CB7-4132-46F7-B80E-030E0A37956B}.Debug|Any CPU.ActiveCfg = Debug|Any CPU
		{D6246CB7-4132-46F7-B80E-030E0A37956B}.Debug|Any CPU.Build.0 = Debug|Any CPU
		{D6246CB7-4132-46F7-B80E-030E0A37956B}.Release|Any CPU.ActiveCfg = Release|Any CPU
		{D6246CB7-4132-46F7-B80E-030E0A37956B}.Release|Any CPU.Build.0 = Release|Any CPU
	EndGlobalSection
	GlobalSection(SolutionProperties) = preSolution
		HideSolutionNode = FALSE
	EndGlobalSection
	GlobalSection(ExtensibilityGlobals) = postSolution
		SolutionGuid = {135E9A75-5424-40BF-9BC9-DD6C2FE596FA}
	EndGlobalSection
EndGlobal
